
Microsoft Visual Studio Solution File, Format Version 12.00
# Visual Studio Version 16
VisualStudioVersion = 16.0.30413.136
MinimumVisualStudioVersion = 10.0.40219.1
Project("{FAE04EC0-301F-11D3-BF4B-00C04F79EFBC}") = "image_gallery", "image_gallery\image_gallery.csproj", "{58BC6AF0-337E-40B1-85F6-D9B9E050D6AB}"
EndProject
Global
	GlobalSection(SolutionConfigurationPlatforms) = preSolution
		Debug|Any CPU = Debug|Any CPU
		Release|Any CPU = Release|Any CPU
	EndGlobalSection
	GlobalSection(ProjectConfigurationPlatforms) = postSolution
		{58BC6AF0-337E-40B1-85F6-D9B9E050D6AB}.Debug|Any CPU.ActiveCfg = Debug|Any CPU
		{58BC6AF0-337E-40B1-85F6-D9B9E050D6AB}.Debug|Any CPU.Build.0 = Debug|Any CPU
		{58BC6AF0-337E-40B1-85F6-D9B9E050D6AB}.Release|Any CPU.ActiveCfg = Release|Any CPU
		{58BC6AF0-337E-40B1-85F6-D9B9E050D6AB}.Release|Any CPU.Build.0 = Release|Any CPU
	EndGlobalSection
	GlobalSection(SolutionProperties) = preSolution
		HideSolutionNode = FALSE
	EndGlobalSection
	GlobalSection(ExtensibilityGlobals) = postSolution
		SolutionGuid = {40218A42-A7D2-426D-B551-7F1893F5919A}
	EndGlobalSection
EndGlobal
